// !$*UTF8*$!
{
	archiveVersion = 1;
	classes = {
	};
	objectVersion = 56;
	objects = {

/* Begin PBXBuildFile section */
		1E258B722A65861C000F7C89 /* ApiEndpoints.swift in Sources */ = {isa = PBXBuildFile; fileRef = 1E258B712A65861C000F7C89 /* ApiEndpoints.swift */; };
		1E258B742A6592BE000F7C89 /* EmployeeResponseModel.swift in Sources */ = {isa = PBXBuildFile; fileRef = 1E258B732A6592BE000F7C89 /* EmployeeResponseModel.swift */; };
		1E595DF92A6447BE00B4F465 /* AppDelegate.swift in Sources */ = {isa = PBXBuildFile; fileRef = 1E595DF82A6447BE00B4F465 /* AppDelegate.swift */; };
		1E595DFB2A6447BE00B4F465 /* SceneDelegate.swift in Sources */ = {isa = PBXBuildFile; fileRef = 1E595DFA2A6447BE00B4F465 /* SceneDelegate.swift */; };
		1E595DFD2A6447BE00B4F465 /* ViewController.swift in Sources */ = {isa = PBXBuildFile; fileRef = 1E595DFC2A6447BE00B4F465 /* ViewController.swift */; };
		1E595E002A6447BE00B4F465 /* Main.storyboard in Resources */ = {isa = PBXBuildFile; fileRef = 1E595DFE2A6447BE00B4F465 /* Main.storyboard */; };
		1E595E022A6447BF00B4F465 /* Assets.xcassets in Resources */ = {isa = PBXBuildFile; fileRef = 1E595E012A6447BF00B4F465 /* Assets.xcassets */; };
		1E595E052A6447BF00B4F465 /* LaunchScreen.storyboard in Resources */ = {isa = PBXBuildFile; fileRef = 1E595E032A6447BF00B4F465 /* LaunchScreen.storyboard */; };
		1E595E142A64695400B4F465 /* LoginViewModel.swift in Sources */ = {isa = PBXBuildFile; fileRef = 1E595E132A64695400B4F465 /* LoginViewModel.swift */; };
		1E595E162A646B2E00B4F465 /* LoginValidation.swift in Sources */ = {isa = PBXBuildFile; fileRef = 1E595E152A646B2E00B4F465 /* LoginValidation.swift */; };
		1E595E182A646B3800B4F465 /* ValidationResult.swift in Sources */ = {isa = PBXBuildFile; fileRef = 1E595E172A646B3800B4F465 /* ValidationResult.swift */; };
		1E595E1C2A646C0600B4F465 /* LoginRequest.swift in Sources */ = {isa = PBXBuildFile; fileRef = 1E595E1B2A646C0600B4F465 /* LoginRequest.swift */; };
		1E595E1E2A646C1400B4F465 /* LoginResponse.swift in Sources */ = {isa = PBXBuildFile; fileRef = 1E595E1D2A646C1400B4F465 /* LoginResponse.swift */; };
		1E595E202A6473B300B4F465 /* LoginResource.swift in Sources */ = {isa = PBXBuildFile; fileRef = 1E595E1F2A6473B300B4F465 /* LoginResource.swift */; };
		1E595E222A6473CB00B4F465 /* HttpUtility.swift in Sources */ = {isa = PBXBuildFile; fileRef = 1E595E212A6473CB00B4F465 /* HttpUtility.swift */; };
/* End PBXBuildFile section */

/* Begin PBXFileReference section */
		1E258B712A65861C000F7C89 /* ApiEndpoints.swift */ = {isa = PBXFileReference; lastKnownFileType = sourcecode.swift; path = ApiEndpoints.swift; sourceTree = "<group>"; };
		1E258B732A6592BE000F7C89 /* EmployeeResponseModel.swift */ = {isa = PBXFileReference; lastKnownFileType = sourcecode.swift; path = EmployeeResponseModel.swift; sourceTree = "<group>"; };
		1E595DF52A6447BE00B4F465 /* MvvmIOS.app */ = {isa = PBXFileReference; explicitFileType = wrapper.application; includeInIndex = 0; path = MvvmIOS.app; sourceTree = BUILT_PRODUCTS_DIR; };
		1E595DF82A6447BE00B4F465 /* AppDelegate.swift */ = {isa = PBXFileReference; lastKnownFileType = sourcecode.swift; path = AppDelegate.swift; sourceTree = "<group>"; };
		1E595DFA2A6447BE00B4F465 /* SceneDelegate.swift */ = {isa = PBXFileReference; lastKnownFileType = sourcecode.swift; path = SceneDelegate.swift; sourceTree = "<group>"; };
		1E595DFC2A6447BE00B4F465 /* ViewController.swift */ = {isa = PBXFileReference; lastKnownFileType = sourcecode.swift; path = ViewController.swift; sourceTree = "<group>"; };
		1E595DFF2A6447BE00B4F465 /* Base */ = {isa = PBXFileReference; lastKnownFileType = file.storyboard; name = Base; path = Base.lproj/Main.storyboard; sourceTree = "<group>"; };
		1E595E012A6447BF00B4F465 /* Assets.xcassets */ = {isa = PBXFileReference; lastKnownFileType = folder.assetcatalog; path = Assets.xcassets; sourceTree = "<group>"; };
		1E595E042A6447BF00B4F465 /* Base */ = {isa = PBXFileReference; lastKnownFileType = file.storyboard; name = Base; path = Base.lproj/LaunchScreen.storyboard; sourceTree = "<group>"; };
		1E595E062A6447BF00B4F465 /* Info.plist */ = {isa = PBXFileReference; lastKnownFileType = text.plist.xml; path = Info.plist; sourceTree = "<group>"; };
		1E595E132A64695400B4F465 /* LoginViewModel.swift */ = {isa = PBXFileReference; lastKnownFileType = sourcecode.swift; path = LoginViewModel.swift; sourceTree = "<group>"; };
		1E595E152A646B2E00B4F465 /* LoginValidation.swift */ = {isa = PBXFileReference; lastKnownFileType = sourcecode.swift; path = LoginValidation.swift; sourceTree = "<group>"; };
		1E595E172A646B3800B4F465 /* ValidationResult.swift */ = {isa = PBXFileReference; lastKnownFileType = sourcecode.swift; path = ValidationResult.swift; sourceTree = "<group>"; };
		1E595E1B2A646C0600B4F465 /* LoginRequest.swift */ = {isa = PBXFileReference; lastKnownFileType = sourcecode.swift; path = LoginRequest.swift; sourceTree = "<group>"; };
		1E595E1D2A646C1400B4F465 /* LoginResponse.swift */ = {isa = PBXFileReference; lastKnownFileType = sourcecode.swift; path = LoginResponse.swift; sourceTree = "<group>"; };
		1E595E1F2A6473B300B4F465 /* LoginResource.swift */ = {isa = PBXFileReference; lastKnownFileType = sourcecode.swift; path = LoginResource.swift; sourceTree = "<group>"; };
		1E595E212A6473CB00B4F465 /* HttpUtility.swift */ = {isa = PBXFileReference; lastKnownFileType = sourcecode.swift; path = HttpUtility.swift; sourceTree = "<group>"; };
/* End PBXFileReference section */

/* Begin PBXFrameworksBuildPhase section */
		1E595DF22A6447BE00B4F465 /* Frameworks */ = {
			isa = PBXFrameworksBuildPhase;
			buildActionMask = 2147483647;
			files = (
			);
			runOnlyForDeploymentPostprocessing = 0;
		};
/* End PBXFrameworksBuildPhase section */

/* Begin PBXGroup section */
		1E595DEC2A6447BE00B4F465 = {
			isa = PBXGroup;
			children = (
				1E595DF72A6447BE00B4F465 /* MvvmIOS */,
				1E595DF62A6447BE00B4F465 /* Products */,
			);
			sourceTree = "<group>";
		};
		1E595DF62A6447BE00B4F465 /* Products */ = {
			isa = PBXGroup;
			children = (
				1E595DF52A6447BE00B4F465 /* MvvmIOS.app */,
			);
			name = Products;
			sourceTree = "<group>";
		};
		1E595DF72A6447BE00B4F465 /* MvvmIOS */ = {
			isa = PBXGroup;
			children = (
				1E595E122A64693C00B4F465 /* ViewModel */,
				1E595E112A64693200B4F465 /* View */,
				1E595E102A64692900B4F465 /* Model */,
				1E595E0F2A64691A00B4F465 /* Services */,
				1E595E0E2A64690E00B4F465 /* Validation */,
				1E595E0D2A6447F500B4F465 /* DataResources */,
				1E595E0C2A6447E800B4F465 /* Common */,
				1E595DF82A6447BE00B4F465 /* AppDelegate.swift */,
				1E595DFA2A6447BE00B4F465 /* SceneDelegate.swift */,
				1E595DFC2A6447BE00B4F465 /* ViewController.swift */,
				1E595DFE2A6447BE00B4F465 /* Main.storyboard */,
				1E595E012A6447BF00B4F465 /* Assets.xcassets */,
				1E595E032A6447BF00B4F465 /* LaunchScreen.storyboard */,
				1E595E062A6447BF00B4F465 /* Info.plist */,
			);
			path = MvvmIOS;
			sourceTree = "<group>";
		};
		1E595E0C2A6447E800B4F465 /* Common */ = {
			isa = PBXGroup;
			children = (
				1E258B712A65861C000F7C89 /* ApiEndpoints.swift */,
			);
			path = Common;
			sourceTree = "<group>";
		};
		1E595E0D2A6447F500B4F465 /* DataResources */ = {
			isa = PBXGroup;
			children = (
				1E595E1F2A6473B300B4F465 /* LoginResource.swift */,
			);
			path = DataResources;
			sourceTree = "<group>";
		};
		1E595E0E2A64690E00B4F465 /* Validation */ = {
			isa = PBXGroup;
			children = (
				1E595E152A646B2E00B4F465 /* LoginValidation.swift */,
				1E595E172A646B3800B4F465 /* ValidationResult.swift */,
			);
			path = Validation;
			sourceTree = "<group>";
		};
		1E595E0F2A64691A00B4F465 /* Services */ = {
			isa = PBXGroup;
			children = (
				1E595E212A6473CB00B4F465 /* HttpUtility.swift */,
			);
			path = Services;
			sourceTree = "<group>";
		};
		1E595E102A64692900B4F465 /* Model */ = {
			isa = PBXGroup;
			children = (
				1E595E1A2A646BF400B4F465 /* EmployeeModel */,
				1E595E192A646BE900B4F465 /* LoginModel */,
			);
			path = Model;
			sourceTree = "<group>";
		};
		1E595E112A64693200B4F465 /* View */ = {
			isa = PBXGroup;
			children = (
			);
			path = View;
			sourceTree = "<group>";
		};
		1E595E122A64693C00B4F465 /* ViewModel */ = {
			isa = PBXGroup;
			children = (
				1E595E132A64695400B4F465 /* LoginViewModel.swift */,
			);
			path = ViewModel;
			sourceTree = "<group>";
		};
		1E595E192A646BE900B4F465 /* LoginModel */ = {
			isa = PBXGroup;
			children = (
				1E595E1B2A646C0600B4F465 /* LoginRequest.swift */,
				1E595E1D2A646C1400B4F465 /* LoginResponse.swift */,
			);
			path = LoginModel;
			sourceTree = "<group>";
		};
		1E595E1A2A646BF400B4F465 /* EmployeeModel */ = {
			isa = PBXGroup;
			children = (
				1E258B732A6592BE000F7C89 /* EmployeeResponseModel.swift */,
			);
			path = EmployeeModel;
			sourceTree = "<group>";
		};
/* End PBXGroup section */

/* Begin PBXNativeTarget section */
		1E595DF42A6447BE00B4F465 /* MvvmIOS */ = {
			isa = PBXNativeTarget;
			buildConfigurationList = 1E595E092A6447BF00B4F465 /* Build configuration list for PBXNativeTarget "MvvmIOS" */;
			buildPhases = (
				1E595DF12A6447BE00B4F465 /* Sources */,
				1E595DF22A6447BE00B4F465 /* Frameworks */,
				1E595DF32A6447BE00B4F465 /* Resources */,
			);
			buildRules = (
			);
			dependencies = (
			);
			name = MvvmIOS;
			productName = MvvmIOS;
			productReference = 1E595DF52A6447BE00B4F465 /* MvvmIOS.app */;
			productType = "com.apple.product-type.application";
		};
/* End PBXNativeTarget section */

/* Begin PBXProject section */
		1E595DED2A6447BE00B4F465 /* Project object */ = {
			isa = PBXProject;
			attributes = {
				BuildIndependentTargetsInParallel = 1;
				LastSwiftUpdateCheck = 1430;
				LastUpgradeCheck = 1430;
				TargetAttributes = {
					1E595DF42A6447BE00B4F465 = {
						CreatedOnToolsVersion = 14.3.1;
					};
				};
			};
			buildConfigurationList = 1E595DF02A6447BE00B4F465 /* Build configuration list for PBXProject "MvvmIOS" */;
			compatibilityVersion = "Xcode 14.0";
			developmentRegion = en;
			hasScannedForEncodings = 0;
			knownRegions = (
				en,
				Base,
			);
			mainGroup = 1E595DEC2A6447BE00B4F465;
			productRefGroup = 1E595DF62A6447BE00B4F465 /* Products */;
			projectDirPath = "";
			projectRoot = "";
			targets = (
				1E595DF42A6447BE00B4F465 /* MvvmIOS */,
			);
		};
/* End PBXProject section */

/* Begin PBXResourcesBuildPhase section */
		1E595DF32A6447BE00B4F465 /* Resources */ = {
			isa = PBXResourcesBuildPhase;
			buildActionMask = 2147483647;
			files = (
				1E595E052A6447BF00B4F465 /* LaunchScreen.storyboard in Resources */,
				1E595E022A6447BF00B4F465 /* Assets.xcassets in Resources */,
				1E595E002A6447BE00B4F465 /* Main.storyboard in Resources */,
			);
			runOnlyForDeploymentPostprocessing = 0;
		};
/* End PBXResourcesBuildPhase section */

/* Begin PBXSourcesBuildPhase section */
		1E595DF12A6447BE00B4F465 /* Sources */ = {
			isa = PBXSourcesBuildPhase;
			buildActionMask = 2147483647;
			files = (
				1E595E222A6473CB00B4F465 /* HttpUtility.swift in Sources */,
				1E595E142A64695400B4F465 /* LoginViewModel.swift in Sources */,
				1E595DFD2A6447BE00B4F465 /* ViewController.swift in Sources */,
				1E258B742A6592BE000F7C89 /* EmployeeResponseModel.swift in Sources */,
				1E595DF92A6447BE00B4F465 /* AppDelegate.swift in Sources */,
				1E595E162A646B2E00B4F465 /* LoginValidation.swift in Sources */,
				1E595DFB2A6447BE00B4F465 /* SceneDelegate.swift in Sources */,
				1E595E1C2A646C0600B4F465 /* LoginRequest.swift in Sources */,
				1E258B722A65861C000F7C89 /* ApiEndpoints.swift in Sources */,
				1E595E1E2A646C1400B4F465 /* LoginResponse.swift in Sources */,
				1E595E202A6473B300B4F465 /* LoginResource.swift in Sources */,
				1E595E182A646B3800B4F465 /* ValidationResult.swift in Sources */,
			);
			runOnlyForDeploymentPostprocessing = 0;
		};
/* End PBXSourcesBuildPhase section */

/* Begin PBXVariantGroup section */
		1E595DFE2A6447BE00B4F465 /* Main.storyboard */ = {
			isa = PBXVariantGroup;
			children = (
				1E595DFF2A6447BE00B4F465 /* Base */,
			);
			name = Main.storyboard;
			sourceTree = "<group>";
		};
		1E595E032A6447BF00B4F465 /* LaunchScreen.storyboard */ = {
			isa = PBXVariantGroup;
			children = (
				1E595E042A6447BF00B4F465 /* Base */,
			);
			name = LaunchScreen.storyboard;
			sourceTree = "<group>";
		};
/* End PBXVariantGroup section */

/* Begin XCBuildConfiguration section */
		1E595E072A6447BF00B4F465 /* Debug */ = {
			isa = XCBuildConfiguration;
			buildSettings = {
				ALWAYS_SEARCH_USER_PATHS = NO;
				CLANG_ANALYZER_NONNULL = YES;
				CLANG_ANALYZER_NUMBER_OBJECT_CONVERSION = YES_AGGRESSIVE;
				CLANG_CXX_LANGUAGE_STANDARD = "gnu++20";
				CLANG_ENABLE_MODULES = YES;
				CLANG_ENABLE_OBJC_ARC = YES;
				CLANG_ENABLE_OBJC_WEAK = YES;
				CLANG_WARN_BLOCK_CAPTURE_AUTORELEASING = YES;
				CLANG_WARN_BOOL_CONVERSION = YES;
				CLANG_WARN_COMMA = YES;
				CLANG_WARN_CONSTANT_CONVERSION = YES;
				CLANG_WARN_DEPRECATED_OBJC_IMPLEMENTATIONS = YES;
				CLANG_WARN_DIRECT_OBJC_ISA_USAGE = YES_ERROR;
				CLANG_WARN_DOCUMENTATION_COMMENTS = YES;
				CLANG_WARN_EMPTY_BODY = YES;
				CLANG_WARN_ENUM_CONVERSION = YES;
				CLANG_WARN_INFINITE_RECURSION = YES;
				CLANG_WARN_INT_CONVERSION = YES;
				CLANG_WARN_NON_LITERAL_NULL_CONVERSION = YES;
				CLANG_WARN_OBJC_IMPLICIT_RETAIN_SELF = YES;
				CLANG_WARN_OBJC_LITERAL_CONVERSION = YES;
				CLANG_WARN_OBJC_ROOT_CLASS = YES_ERROR;
				CLANG_WARN_QUOTED_INCLUDE_IN_FRAMEWORK_HEADER = YES;
				CLANG_WARN_RANGE_LOOP_ANALYSIS = YES;
				CLANG_WARN_STRICT_PROTOTYPES = YES;
				CLANG_WARN_SUSPICIOUS_MOVE = YES;
				CLANG_WARN_UNGUARDED_AVAILABILITY = YES_AGGRESSIVE;
				CLANG_WARN_UNREACHABLE_CODE = YES;
				CLANG_WARN__DUPLICATE_METHOD_MATCH = YES;
				COPY_PHASE_STRIP = NO;
				DEBUG_INFORMATION_FORMAT = dwarf;
				ENABLE_STRICT_OBJC_MSGSEND = YES;
				ENABLE_TESTABILITY = YES;
				GCC_C_LANGUAGE_STANDARD = gnu11;
				GCC_DYNAMIC_NO_PIC = NO;
				GCC_NO_COMMON_BLOCKS = YES;
				GCC_OPTIMIZATION_LEVEL = 0;
				GCC_PREPROCESSOR_DEFINITIONS = (
					"DEBUG=1",
					"$(inherited)",
				);
				GCC_WARN_64_TO_32_BIT_CONVERSION = YES;
				GCC_WARN_ABOUT_RETURN_TYPE = YES_ERROR;
				GCC_WARN_UNDECLARED_SELECTOR = YES;
				GCC_WARN_UNINITIALIZED_AUTOS = YES_AGGRESSIVE;
				GCC_WARN_UNUSED_FUNCTION = YES;
				GCC_WARN_UNUSED_VARIABLE = YES;
				IPHONEOS_DEPLOYMENT_TARGET = 16.4;
				MTL_ENABLE_DEBUG_INFO = INCLUDE_SOURCE;
				MTL_FAST_MATH = YES;
				ONLY_ACTIVE_ARCH = YES;
				SDKROOT = iphoneos;
				SWIFT_ACTIVE_COMPILATION_CONDITIONS = DEBUG;
				SWIFT_OPTIMIZATION_LEVEL = "-Onone";
			};
			name = Debug;
		};
		1E595E082A6447BF00B4F465 /* Release */ = {
			isa = XCBuildConfiguration;
			buildSettings = {
				ALWAYS_SEARCH_USER_PATHS = NO;
				CLANG_ANALYZER_NONNULL = YES;
				CLANG_ANALYZER_NUMBER_OBJECT_CONVERSION = YES_AGGRESSIVE;
				CLANG_CXX_LANGUAGE_STANDARD = "gnu++20";
				CLANG_ENABLE_MODULES = YES;
				CLANG_ENABLE_OBJC_ARC = YES;
				CLANG_ENABLE_OBJC_WEAK = YES;
				CLANG_WARN_BLOCK_CAPTURE_AUTORELEASING = YES;
				CLANG_WARN_BOOL_CONVERSION = YES;
				CLANG_WARN_COMMA = YES;
				CLANG_WARN_CONSTANT_CONVERSION = YES;
				CLANG_WARN_DEPRECATED_OBJC_IMPLEMENTATIONS = YES;
				CLANG_WARN_DIRECT_OBJC_ISA_USAGE = YES_ERROR;
				CLANG_WARN_DOCUMENTATION_COMMENTS = YES;
				CLANG_WARN_EMPTY_BODY = YES;
				CLANG_WARN_ENUM_CONVERSION = YES;
				CLANG_WARN_INFINITE_RECURSION = YES;
				CLANG_WARN_INT_CONVERSION = YES;
				CLANG_WARN_NON_LITERAL_NULL_CONVERSION = YES;
				CLANG_WARN_OBJC_IMPLICIT_RETAIN_SELF = YES;
				CLANG_WARN_OBJC_LITERAL_CONVERSION = YES;
				CLANG_WARN_OBJC_ROOT_CLASS = YES_ERROR;
				CLANG_WARN_QUOTED_INCLUDE_IN_FRAMEWORK_HEADER = YES;
				CLANG_WARN_RANGE_LOOP_ANALYSIS = YES;
				CLANG_WARN_STRICT_PROTOTYPES = YES;
				CLANG_WARN_SUSPICIOUS_MOVE = YES;
				CLANG_WARN_UNGUARDED_AVAILABILITY = YES_AGGRESSIVE;
				CLANG_WARN_UNREACHABLE_CODE = YES;
				CLANG_WARN__DUPLICATE_METHOD_MATCH = YES;
				COPY_PHASE_STRIP = NO;
				DEBUG_INFORMATION_FORMAT = "dwarf-with-dsym";
				ENABLE_NS_ASSERTIONS = NO;
				ENABLE_STRICT_OBJC_MSGSEND = YES;
				GCC_C_LANGUAGE_STANDARD = gnu11;
				GCC_NO_COMMON_BLOCKS = YES;
				GCC_WARN_64_TO_32_BIT_CONVERSION = YES;
				GCC_WARN_ABOUT_RETURN_TYPE = YES_ERROR;
				GCC_WARN_UNDECLARED_SELECTOR = YES;
				GCC_WARN_UNINITIALIZED_AUTOS = YES_AGGRESSIVE;
				GCC_WARN_UNUSED_FUNCTION = YES;
				GCC_WARN_UNUSED_VARIABLE = YES;
				IPHONEOS_DEPLOYMENT_TARGET = 16.4;
				MTL_ENABLE_DEBUG_INFO = NO;
				MTL_FAST_MATH = YES;
				SDKROOT = iphoneos;
				SWIFT_COMPILATION_MODE = wholemodule;
				SWIFT_OPTIMIZATION_LEVEL = "-O";
				VALIDATE_PRODUCT = YES;
			};
			name = Release;
		};
		1E595E0A2A6447BF00B4F465 /* Debug */ = {
			isa = XCBuildConfiguration;
			buildSettings = {
				ASSETCATALOG_COMPILER_APPICON_NAME = AppIcon;
				ASSETCATALOG_COMPILER_GLOBAL_ACCENT_COLOR_NAME = AccentColor;
				CODE_SIGN_STYLE = Automatic;
				CURRENT_PROJECT_VERSION = 1;
				DEVELOPMENT_TEAM = RWNWK95DSQ;
				GENERATE_INFOPLIST_FILE = YES;
				INFOPLIST_FILE = MvvmIOS/Info.plist;
				INFOPLIST_KEY_UIApplicationSupportsIndirectInputEvents = YES;
				INFOPLIST_KEY_UILaunchStoryboardName = LaunchScreen;
				INFOPLIST_KEY_UIMainStoryboardFile = Main;
				INFOPLIST_KEY_UISupportedInterfaceOrientations_iPad = "UIInterfaceOrientationPortrait UIInterfaceOrientationPortraitUpsideDown UIInterfaceOrientationLandscapeLeft UIInterfaceOrientationLandscapeRight";
				INFOPLIST_KEY_UISupportedInterfaceOrientations_iPhone = "UIInterfaceOrientationPortrait UIInterfaceOrientationLandscapeLeft UIInterfaceOrientationLandscapeRight";
				LD_RUNPATH_SEARCH_PATHS = (
					"$(inherited)",
					"@executable_path/Frameworks",
				);
				MARKETING_VERSION = 1.0;
				PRODUCT_BUNDLE_IDENTIFIER = elric.MvvmIOS;
				PRODUCT_NAME = "$(TARGET_NAME)";
				SWIFT_EMIT_LOC_STRINGS = YES;
				SWIFT_VERSION = 5.0;
				TARGETED_DEVICE_FAMILY = "1,2";
			};
			name = Debug;
		};
		1E595E0B2A6447BF00B4F465 /* Release */ = {
			isa = XCBuildConfiguration;
			buildSettings = {
				ASSETCATALOG_COMPILER_APPICON_NAME = AppIcon;
				ASSETCATALOG_COMPILER_GLOBAL_ACCENT_COLOR_NAME = AccentColor;
				CODE_SIGN_STYLE = Automatic;
				CURRENT_PROJECT_VERSION = 1;
				DEVELOPMENT_TEAM = RWNWK95DSQ;
				GENERATE_INFOPLIST_FILE = YES;
				INFOPLIST_FILE = MvvmIOS/Info.plist;
				INFOPLIST_KEY_UIApplicationSupportsIndirectInputEvents = YES;
				INFOPLIST_KEY_UILaunchStoryboardName = LaunchScreen;
				INFOPLIST_KEY_UIMainStoryboardFile = Main;
				INFOPLIST_KEY_UISupportedInterfaceOrientations_iPad = "UIInterfaceOrientationPortrait UIInterfaceOrientationPortraitUpsideDown UIInterfaceOrientationLandscapeLeft UIInterfaceOrientationLandscapeRight";
				INFOPLIST_KEY_UISupportedInterfaceOrientations_iPhone = "UIInterfaceOrientationPortrait UIInterfaceOrientationLandscapeLeft UIInterfaceOrientationLandscapeRight";
				LD_RUNPATH_SEARCH_PATHS = (
					"$(inherited)",
					"@executable_path/Frameworks",
				);
				MARKETING_VERSION = 1.0;
				PRODUCT_BUNDLE_IDENTIFIER = elric.MvvmIOS;
				PRODUCT_NAME = "$(TARGET_NAME)";
				SWIFT_EMIT_LOC_STRINGS = YES;
				SWIFT_VERSION = 5.0;
				TARGETED_DEVICE_FAMILY = "1,2";
			};
			name = Release;
		};
/* End XCBuildConfiguration section */

/* Begin XCConfigurationList section */
		1E595DF02A6447BE00B4F465 /* Build configuration list for PBXProject "MvvmIOS" */ = {
			isa = XCConfigurationList;
			buildConfigurations = (
				1E595E072A6447BF00B4F465 /* Debug */,
				1E595E082A6447BF00B4F465 /* Release */,
			);
			defaultConfigurationIsVisible = 0;
			defaultConfigurationName = Release;
		};
		1E595E092A6447BF00B4F465 /* Build configuration list for PBXNativeTarget "MvvmIOS" */ = {
			isa = XCConfigurationList;
			buildConfigurations = (
				1E595E0A2A6447BF00B4F465 /* Debug */,
				1E595E0B2A6447BF00B4F465 /* Release */,
			);
			defaultConfigurationIsVisible = 0;
			defaultConfigurationName = Release;
		};
/* End XCConfigurationList section */
	};
	rootObject = 1E595DED2A6447BE00B4F465 /* Project object */;
}
